
Microsoft Visual Studio Solution File, Format Version 12.00
# Visual Studio Version 17
VisualStudioVersion = 17.4.33110.190
MinimumVisualStudioVersion = 10.0.40219.1
Project("{FAE04EC0-301F-11D3-BF4B-00C04F79EFBC}") = "GroupClass", "GroupClass\GroupClass.csproj", "{78B4A8E0-3F82-489C-841B-733052872C7F}"
EndProject
Global
	GlobalSection(SolutionConfigurationPlatforms) = preSolution
		Debug|Any CPU = Debug|Any CPU
		Release|Any CPU = Release|Any CPU
	EndGlobalSection
	GlobalSection(ProjectConfigurationPlatforms) = postSolution
		{78B4A8E0-3F82-489C-841B-733052872C7F}.Debug|Any CPU.ActiveCfg = Debug|Any CPU
		{78B4A8E0-3F82-489C-841B-733052872C7F}.Debug|Any CPU.Build.0 = Debug|Any CPU
		{78B4A8E0-3F82-489C-841B-733052872C7F}.Release|Any CPU.ActiveCfg = Release|Any CPU
		{78B4A8E0-3F82-489C-841B-733052872C7F}.Release|Any CPU.Build.0 = Release|Any CPU
	EndGlobalSection
	GlobalSection(SolutionProperties) = preSolution
		HideSolutionNode = FALSE
	EndGlobalSection
	GlobalSection(ExtensibilityGlobals) = postSolution
		SolutionGuid = {7F6E959C-2053-4F1B-8EC4-822914515CD2}
	EndGlobalSection
EndGlobal
